// !$*UTF8*$!
{
	archiveVersion = 1;
	classes = {
	};
	objectVersion = 46;
	objects = {

/* Begin PBXBuildFile section */
		EBC82220CB3147AB0C5AD3B7 /* libPods-Employer.a in Frameworks */ = {isa = PBXBuildFile; fileRef = B4DD0ADA37D2F366469955C2 /* libPods-Employer.a */; };
		EC0A55D31BF7522000E84757 /* TempVC.m in Sources */ = {isa = PBXBuildFile; fileRef = EC0A55D11BF7522000E84757 /* TempVC.m */; };
		EC0A55D41BF7522000E84757 /* TempVC.xib in Resources */ = {isa = PBXBuildFile; fileRef = EC0A55D21BF7522000E84757 /* TempVC.xib */; };
		EC0A55D61BF7534100E84757 /* back1.png in Resources */ = {isa = PBXBuildFile; fileRef = EC0A55D51BF7534100E84757 /* back1.png */; };
		ECDDD0B11BF584E400E17EDF /* main.m in Sources */ = {isa = PBXBuildFile; fileRef = ECDDD0B01BF584E400E17EDF /* main.m */; };
		ECDDD0B41BF584E400E17EDF /* AppDelegate.m in Sources */ = {isa = PBXBuildFile; fileRef = ECDDD0B31BF584E400E17EDF /* AppDelegate.m */; };
		ECDDD0B71BF584E400E17EDF /* ViewController.m in Sources */ = {isa = PBXBuildFile; fileRef = ECDDD0B61BF584E400E17EDF /* ViewController.m */; };
		ECDDD0BA1BF584E400E17EDF /* Main.storyboard in Resources */ = {isa = PBXBuildFile; fileRef = ECDDD0B81BF584E400E17EDF /* Main.storyboard */; };
		ECDDD0BC1BF584E400E17EDF /* Images.xcassets in Resources */ = {isa = PBXBuildFile; fileRef = ECDDD0BB1BF584E400E17EDF /* Images.xcassets */; };
		ECDDD0BF1BF584E400E17EDF /* LaunchScreen.xib in Resources */ = {isa = PBXBuildFile; fileRef = ECDDD0BD1BF584E400E17EDF /* LaunchScreen.xib */; };
		ECDDD0CB1BF584E500E17EDF /* EmployerTests.m in Sources */ = {isa = PBXBuildFile; fileRef = ECDDD0CA1BF584E500E17EDF /* EmployerTests.m */; };
		ECDDD0D71BF5918500E17EDF /* HomeVC.m in Sources */ = {isa = PBXBuildFile; fileRef = ECDDD0D51BF5918500E17EDF /* HomeVC.m */; };
		ECDDD0D81BF5918500E17EDF /* HomeVC.xib in Resources */ = {isa = PBXBuildFile; fileRef = ECDDD0D61BF5918500E17EDF /* HomeVC.xib */; };
		ECDDD0DC1BF59BF200E17EDF /* CustomCell.m in Sources */ = {isa = PBXBuildFile; fileRef = ECDDD0DA1BF59BF200E17EDF /* CustomCell.m */; };
		ECDDD0DD1BF59BF200E17EDF /* CustomCell.xib in Resources */ = {isa = PBXBuildFile; fileRef = ECDDD0DB1BF59BF200E17EDF /* CustomCell.xib */; };
		ECDE61E21BF6484D00006A13 /* TableShare.m in Sources */ = {isa = PBXBuildFile; fileRef = ECDE61E11BF6484D00006A13 /* TableShare.m */; };
/* End PBXBuildFile section */

/* Begin PBXContainerItemProxy section */
		ECDDD0C51BF584E500E17EDF /* PBXContainerItemProxy */ = {
			isa = PBXContainerItemProxy;
			containerPortal = ECDDD0A31BF584E400E17EDF /* Project object */;
			proxyType = 1;
			remoteGlobalIDString = ECDDD0AA1BF584E400E17EDF;
			remoteInfo = Employer;
		};
/* End PBXContainerItemProxy section */

/* Begin PBXFileReference section */
		2997A3BB9BEA3E652A647F1F /* Pods-Employer.release.xcconfig */ = {isa = PBXFileReference; includeInIndex = 1; lastKnownFileType = text.xcconfig; name = "Pods-Employer.release.xcconfig"; path = "Pods/Target Support Files/Pods-Employer/Pods-Employer.release.xcconfig"; sourceTree = "<group>"; };
		710B0055535D6F8DE2FA741D /* Pods-Employer.debug.xcconfig */ = {isa = PBXFileReference; includeInIndex = 1; lastKnownFileType = text.xcconfig; name = "Pods-Employer.debug.xcconfig"; path = "Pods/Target Support Files/Pods-Employer/Pods-Employer.debug.xcconfig"; sourceTree = "<group>"; };
		B4DD0ADA37D2F366469955C2 /* libPods-Employer.a */ = {isa = PBXFileReference; explicitFileType = archive.ar; includeInIndex = 0; path = "libPods-Employer.a"; sourceTree = BUILT_PRODUCTS_DIR; };
		EC0A55D01BF7522000E84757 /* TempVC.h */ = {isa = PBXFileReference; fileEncoding = 4; lastKnownFileType = sourcecode.c.h; path = TempVC.h; sourceTree = "<group>"; };
		EC0A55D11BF7522000E84757 /* TempVC.m */ = {isa = PBXFileReference; fileEncoding = 4; lastKnownFileType = sourcecode.c.objc; path = TempVC.m; sourceTree = "<group>"; };
		EC0A55D21BF7522000E84757 /* TempVC.xib */ = {isa = PBXFileReference; fileEncoding = 4; lastKnownFileType = file.xib; path = TempVC.xib; sourceTree = "<group>"; };
		EC0A55D51BF7534100E84757 /* back1.png */ = {isa = PBXFileReference; lastKnownFileType = image.png; path = back1.png; sourceTree = "<group>"; };
		ECDDD0AB1BF584E400E17EDF /* Employer.app */ = {isa = PBXFileReference; explicitFileType = wrapper.application; includeInIndex = 0; path = Employer.app; sourceTree = BUILT_PRODUCTS_DIR; };
		ECDDD0AF1BF584E400E17EDF /* Info.plist */ = {isa = PBXFileReference; lastKnownFileType = text.plist.xml; path = Info.plist; sourceTree = "<group>"; };
		ECDDD0B01BF584E400E17EDF /* main.m */ = {isa = PBXFileReference; lastKnownFileType = sourcecode.c.objc; path = main.m; sourceTree = "<group>"; };
		ECDDD0B21BF584E400E17EDF /* AppDelegate.h */ = {isa = PBXFileReference; lastKnownFileType = sourcecode.c.h; path = AppDelegate.h; sourceTree = "<group>"; };
		ECDDD0B31BF584E400E17EDF /* AppDelegate.m */ = {isa = PBXFileReference; lastKnownFileType = sourcecode.c.objc; path = AppDelegate.m; sourceTree = "<group>"; };
		ECDDD0B51BF584E400E17EDF /* ViewController.h */ = {isa = PBXFileReference; lastKnownFileType = sourcecode.c.h; path = ViewController.h; sourceTree = "<group>"; };
		ECDDD0B61BF584E400E17EDF /* ViewController.m */ = {isa = PBXFileReference; lastKnownFileType = sourcecode.c.objc; path = ViewController.m; sourceTree = "<group>"; };
		ECDDD0B91BF584E400E17EDF /* Base */ = {isa = PBXFileReference; lastKnownFileType = file.storyboard; name = Base; path = Base.lproj/Main.storyboard; sourceTree = "<group>"; };
		ECDDD0BB1BF584E400E17EDF /* Images.xcassets */ = {isa = PBXFileReference; lastKnownFileType = folder.assetcatalog; path = Images.xcassets; sourceTree = "<group>"; };
		ECDDD0BE1BF584E400E17EDF /* Base */ = {isa = PBXFileReference; lastKnownFileType = file.xib; name = Base; path = Base.lproj/LaunchScreen.xib; sourceTree = "<group>"; };
		ECDDD0C41BF584E500E17EDF /* EmployerTests.xctest */ = {isa = PBXFileReference; explicitFileType = wrapper.cfbundle; includeInIndex = 0; path = EmployerTests.xctest; sourceTree = BUILT_PRODUCTS_DIR; };
		ECDDD0C91BF584E500E17EDF /* Info.plist */ = {isa = PBXFileReference; lastKnownFileType = text.plist.xml; path = Info.plist; sourceTree = "<group>"; };
		ECDDD0CA1BF584E500E17EDF /* EmployerTests.m */ = {isa = PBXFileReference; lastKnownFileType = sourcecode.c.objc; path = EmployerTests.m; sourceTree = "<group>"; };
		ECDDD0D41BF5918500E17EDF /* HomeVC.h */ = {isa = PBXFileReference; fileEncoding = 4; lastKnownFileType = sourcecode.c.h; path = HomeVC.h; sourceTree = "<group>"; };
		ECDDD0D51BF5918500E17EDF /* HomeVC.m */ = {isa = PBXFileReference; fileEncoding = 4; lastKnownFileType = sourcecode.c.objc; path = HomeVC.m; sourceTree = "<group>"; };
		ECDDD0D61BF5918500E17EDF /* HomeVC.xib */ = {isa = PBXFileReference; fileEncoding = 4; lastKnownFileType = file.xib; path = HomeVC.xib; sourceTree = "<group>"; };
		ECDDD0D91BF59BF200E17EDF /* CustomCell.h */ = {isa = PBXFileReference; fileEncoding = 4; lastKnownFileType = sourcecode.c.h; path = CustomCell.h; sourceTree = "<group>"; };
		ECDDD0DA1BF59BF200E17EDF /* CustomCell.m */ = {isa = PBXFileReference; fileEncoding = 4; lastKnownFileType = sourcecode.c.objc; path = CustomCell.m; sourceTree = "<group>"; };
		ECDDD0DB1BF59BF200E17EDF /* CustomCell.xib */ = {isa = PBXFileReference; fileEncoding = 4; lastKnownFileType = file.xib; path = CustomCell.xib; sourceTree = "<group>"; };
		ECDE61E01BF6484D00006A13 /* TableShare.h */ = {isa = PBXFileReference; fileEncoding = 4; lastKnownFileType = sourcecode.c.h; path = TableShare.h; sourceTree = "<group>"; };
		ECDE61E11BF6484D00006A13 /* TableShare.m */ = {isa = PBXFileReference; fileEncoding = 4; lastKnownFileType = sourcecode.c.objc; path = TableShare.m; sourceTree = "<group>"; };
/* End PBXFileReference section */

/* Begin PBXFrameworksBuildPhase section */
		ECDDD0A81BF584E400E17EDF /* Frameworks */ = {
			isa = PBXFrameworksBuildPhase;
			buildActionMask = 2147483647;
			files = (
				EBC82220CB3147AB0C5AD3B7 /* libPods-Employer.a in Frameworks */,
			);
			runOnlyForDeploymentPostprocessing = 0;
		};
		ECDDD0C11BF584E500E17EDF /* Frameworks */ = {
			isa = PBXFrameworksBuildPhase;
			buildActionMask = 2147483647;
			files = (
			);
			runOnlyForDeploymentPostprocessing = 0;
		};
/* End PBXFrameworksBuildPhase section */

/* Begin PBXGroup section */
		9F29C71D7350CBAEE702011B /* Pods */ = {
			isa = PBXGroup;
			children = (
				710B0055535D6F8DE2FA741D /* Pods-Employer.debug.xcconfig */,
				2997A3BB9BEA3E652A647F1F /* Pods-Employer.release.xcconfig */,
			);
			name = Pods;
			sourceTree = "<group>";
		};
		E225E3E0100187F0FB82D20C /* Frameworks */ = {
			isa = PBXGroup;
			children = (
				B4DD0ADA37D2F366469955C2 /* libPods-Employer.a */,
			);
			name = Frameworks;
			sourceTree = "<group>";
		};
		ECDDD0A21BF584E400E17EDF = {
			isa = PBXGroup;
			children = (
				ECDDD0AD1BF584E400E17EDF /* Employer */,
				ECDDD0C71BF584E500E17EDF /* EmployerTests */,
				ECDDD0AC1BF584E400E17EDF /* Products */,
				9F29C71D7350CBAEE702011B /* Pods */,
				E225E3E0100187F0FB82D20C /* Frameworks */,
			);
			sourceTree = "<group>";
		};
		ECDDD0AC1BF584E400E17EDF /* Products */ = {
			isa = PBXGroup;
			children = (
				ECDDD0AB1BF584E400E17EDF /* Employer.app */,
				ECDDD0C41BF584E500E17EDF /* EmployerTests.xctest */,
			);
			name = Products;
			sourceTree = "<group>";
		};
		ECDDD0AD1BF584E400E17EDF /* Employer */ = {
			isa = PBXGroup;
			children = (
				ECDDD0B21BF584E400E17EDF /* AppDelegate.h */,
				ECDDD0B31BF584E400E17EDF /* AppDelegate.m */,
				ECDDD0B51BF584E400E17EDF /* ViewController.h */,
				ECDDD0B61BF584E400E17EDF /* ViewController.m */,
				ECDDD0B81BF584E400E17EDF /* Main.storyboard */,
				ECDDD0BB1BF584E400E17EDF /* Images.xcassets */,
				ECDDD0BD1BF584E400E17EDF /* LaunchScreen.xib */,
				ECDDD0AE1BF584E400E17EDF /* Supporting Files */,
				ECDDD0D41BF5918500E17EDF /* HomeVC.h */,
				ECDDD0D51BF5918500E17EDF /* HomeVC.m */,
				ECDDD0D61BF5918500E17EDF /* HomeVC.xib */,
				ECDDD0D91BF59BF200E17EDF /* CustomCell.h */,
				ECDDD0DA1BF59BF200E17EDF /* CustomCell.m */,
				ECDDD0DB1BF59BF200E17EDF /* CustomCell.xib */,
				ECDE61E01BF6484D00006A13 /* TableShare.h */,
				ECDE61E11BF6484D00006A13 /* TableShare.m */,
				EC0A55D01BF7522000E84757 /* TempVC.h */,
				EC0A55D11BF7522000E84757 /* TempVC.m */,
				EC0A55D21BF7522000E84757 /* TempVC.xib */,
				EC0A55D51BF7534100E84757 /* back1.png */,
			);
			path = Employer;
			sourceTree = "<group>";
		};
		ECDDD0AE1BF584E400E17EDF /* Supporting Files */ = {
			isa = PBXGroup;
			children = (
				ECDDD0AF1BF584E400E17EDF /* Info.plist */,
				ECDDD0B01BF584E400E17EDF /* main.m */,
			);
			name = "Supporting Files";
			sourceTree = "<group>";
		};
		ECDDD0C71BF584E500E17EDF /* EmployerTests */ = {
			isa = PBXGroup;
			children = (
				ECDDD0CA1BF584E500E17EDF /* EmployerTests.m */,
				ECDDD0C81BF584E500E17EDF /* Supporting Files */,
			);
			path = EmployerTests;
			sourceTree = "<group>";
		};
		ECDDD0C81BF584E500E17EDF /* Supporting Files */ = {
			isa = PBXGroup;
			children = (
				ECDDD0C91BF584E500E17EDF /* Info.plist */,
			);
			name = "Supporting Files";
			sourceTree = "<group>";
		};
/* End PBXGroup section */

/* Begin PBXNativeTarget section */
		ECDDD0AA1BF584E400E17EDF /* Employer */ = {
			isa = PBXNativeTarget;
			buildConfigurationList = ECDDD0CE1BF584E500E17EDF /* Build configuration list for PBXNativeTarget "Employer" */;
			buildPhases = (
				6D02F1E3CEFBFFA0106FC2D6 /* Check Pods Manifest.lock */,
				ECDDD0A71BF584E400E17EDF /* Sources */,
				ECDDD0A81BF584E400E17EDF /* Frameworks */,
				ECDDD0A91BF584E400E17EDF /* Resources */,
				088996E3DEDC8BCB4D492E8F /* Copy Pods Resources */,
			);
			buildRules = (
			);
			dependencies = (
			);
			name = Employer;
			productName = Employer;
			productReference = ECDDD0AB1BF584E400E17EDF /* Employer.app */;
			productType = "com.apple.product-type.application";
		};
		ECDDD0C31BF584E500E17EDF /* EmployerTests */ = {
			isa = PBXNativeTarget;
			buildConfigurationList = ECDDD0D11BF584E500E17EDF /* Build configuration list for PBXNativeTarget "EmployerTests" */;
			buildPhases = (
				ECDDD0C01BF584E500E17EDF /* Sources */,
				ECDDD0C11BF584E500E17EDF /* Frameworks */,
				ECDDD0C21BF584E500E17EDF /* Resources */,
			);
			buildRules = (
			);
			dependencies = (
				ECDDD0C61BF584E500E17EDF /* PBXTargetDependency */,
			);
			name = EmployerTests;
			productName = EmployerTests;
			productReference = ECDDD0C41BF584E500E17EDF /* EmployerTests.xctest */;
			productType = "com.apple.product-type.bundle.unit-test";
		};
/* End PBXNativeTarget section */

/* Begin PBXProject section */
		ECDDD0A31BF584E400E17EDF /* Project object */ = {
			isa = PBXProject;
			attributes = {
				LastUpgradeCheck = 0630;
				ORGANIZATIONNAME = Dipen;
				TargetAttributes = {
					ECDDD0AA1BF584E400E17EDF = {
						CreatedOnToolsVersion = 6.3.1;
						DevelopmentTeam = DEP7TTK6BN;
					};
					ECDDD0C31BF584E500E17EDF = {
						CreatedOnToolsVersion = 6.3.1;
						TestTargetID = ECDDD0AA1BF584E400E17EDF;
					};
				};
			};
			buildConfigurationList = ECDDD0A61BF584E400E17EDF /* Build configuration list for PBXProject "Employer" */;
			compatibilityVersion = "Xcode 3.2";
			developmentRegion = English;
			hasScannedForEncodings = 0;
			knownRegions = (
				en,
				Base,
			);
			mainGroup = ECDDD0A21BF584E400E17EDF;
			productRefGroup = ECDDD0AC1BF584E400E17EDF /* Products */;
			projectDirPath = "";
			projectRoot = "";
			targets = (
				ECDDD0AA1BF584E400E17EDF /* Employer */,
				ECDDD0C31BF584E500E17EDF /* EmployerTests */,
			);
		};
/* End PBXProject section */

/* Begin PBXResourcesBuildPhase section */
		ECDDD0A91BF584E400E17EDF /* Resources */ = {
			isa = PBXResourcesBuildPhase;
			buildActionMask = 2147483647;
			files = (
				ECDDD0DD1BF59BF200E17EDF /* CustomCell.xib in Resources */,
				ECDDD0BA1BF584E400E17EDF /* Main.storyboard in Resources */,
				EC0A55D41BF7522000E84757 /* TempVC.xib in Resources */,
				ECDDD0D81BF5918500E17EDF /* HomeVC.xib in Resources */,
				EC0A55D61BF7534100E84757 /* back1.png in Resources */,
				ECDDD0BF1BF584E400E17EDF /* LaunchScreen.xib in Resources */,
				ECDDD0BC1BF584E400E17EDF /* Images.xcassets in Resources */,
			);
			runOnlyForDeploymentPostprocessing = 0;
		};
		ECDDD0C21BF584E500E17EDF /* Resources */ = {
			isa = PBXResourcesBuildPhase;
			buildActionMask = 2147483647;
			files = (
			);
			runOnlyForDeploymentPostprocessing = 0;
		};
/* End PBXResourcesBuildPhase section */

/* Begin PBXShellScriptBuildPhase section */
		088996E3DEDC8BCB4D492E8F /* Copy Pods Resources */ = {
			isa = PBXShellScriptBuildPhase;
			buildActionMask = 2147483647;
			files = (
			);
			inputPaths = (
			);
			name = "Copy Pods Resources";
			outputPaths = (
			);
			runOnlyForDeploymentPostprocessing = 0;
			shellPath = /bin/sh;
			shellScript = "\"${SRCROOT}/Pods/Target Support Files/Pods-Employer/Pods-Employer-resources.sh\"\n";
			showEnvVarsInLog = 0;
		};
		6D02F1E3CEFBFFA0106FC2D6 /* Check Pods Manifest.lock */ = {
			isa = PBXShellScriptBuildPhase;
			buildActionMask = 2147483647;
			files = (
			);
			inputPaths = (
			);
			name = "Check Pods Manifest.lock";
			outputPaths = (
			);
			runOnlyForDeploymentPostprocessing = 0;
			shellPath = /bin/sh;
			shellScript = "diff \"${PODS_ROOT}/../Podfile.lock\" \"${PODS_ROOT}/Manifest.lock\" > /dev/null\nif [[ $? != 0 ]] ; then\n    cat << EOM\nerror: The sandbox is not in sync with the Podfile.lock. Run 'pod install' or update your CocoaPods installation.\nEOM\n    exit 1\nfi\n";
			showEnvVarsInLog = 0;
		};
/* End PBXShellScriptBuildPhase section */

/* Begin PBXSourcesBuildPhase section */
		ECDDD0A71BF584E400E17EDF /* Sources */ = {
			isa = PBXSourcesBuildPhase;
			buildActionMask = 2147483647;
			files = (
				EC0A55D31BF7522000E84757 /* TempVC.m in Sources */,
				ECDDD0B71BF584E400E17EDF /* ViewController.m in Sources */,
				ECDDD0D71BF5918500E17EDF /* HomeVC.m in Sources */,
				ECDE61E21BF6484D00006A13 /* TableShare.m in Sources */,
				ECDDD0B41BF584E400E17EDF /* AppDelegate.m in Sources */,
				ECDDD0B11BF584E400E17EDF /* main.m in Sources */,
				ECDDD0DC1BF59BF200E17EDF /* CustomCell.m in Sources */,
			);
			runOnlyForDeploymentPostprocessing = 0;
		};
		ECDDD0C01BF584E500E17EDF /* Sources */ = {
			isa = PBXSourcesBuildPhase;
			buildActionMask = 2147483647;
			files = (
				ECDDD0CB1BF584E500E17EDF /* EmployerTests.m in Sources */,
			);
			runOnlyForDeploymentPostprocessing = 0;
		};
/* End PBXSourcesBuildPhase section */

/* Begin PBXTargetDependency section */
		ECDDD0C61BF584E500E17EDF /* PBXTargetDependency */ = {
			isa = PBXTargetDependency;
			target = ECDDD0AA1BF584E400E17EDF /* Employer */;
			targetProxy = ECDDD0C51BF584E500E17EDF /* PBXContainerItemProxy */;
		};
/* End PBXTargetDependency section */

/* Begin PBXVariantGroup section */
		ECDDD0B81BF584E400E17EDF /* Main.storyboard */ = {
			isa = PBXVariantGroup;
			children = (
				ECDDD0B91BF584E400E17EDF /* Base */,
			);
			name = Main.storyboard;
			sourceTree = "<group>";
		};
		ECDDD0BD1BF584E400E17EDF /* LaunchScreen.xib */ = {
			isa = PBXVariantGroup;
			children = (
				ECDDD0BE1BF584E400E17EDF /* Base */,
			);
			name = LaunchScreen.xib;
			sourceTree = "<group>";
		};
/* End PBXVariantGroup section */

/* Begin XCBuildConfiguration section */
		ECDDD0CC1BF584E500E17EDF /* Debug */ = {
			isa = XCBuildConfiguration;
			buildSettings = {
				ALWAYS_SEARCH_USER_PATHS = NO;
				CLANG_CXX_LANGUAGE_STANDARD = "gnu++0x";
				CLANG_CXX_LIBRARY = "libc++";
				CLANG_ENABLE_MODULES = YES;
				CLANG_ENABLE_OBJC_ARC = YES;
				CLANG_WARN_BOOL_CONVERSION = YES;
				CLANG_WARN_CONSTANT_CONVERSION = YES;
				CLANG_WARN_DIRECT_OBJC_ISA_USAGE = YES_ERROR;
				CLANG_WARN_EMPTY_BODY = YES;
				CLANG_WARN_ENUM_CONVERSION = YES;
				CLANG_WARN_INT_CONVERSION = YES;
				CLANG_WARN_OBJC_ROOT_CLASS = YES_ERROR;
				CLANG_WARN_UNREACHABLE_CODE = YES;
				CLANG_WARN__DUPLICATE_METHOD_MATCH = YES;
				CODE_SIGN_IDENTITY = "iPhone Developer: christian MCMURRAY (4MPM33GWM5)";
				"CODE_SIGN_IDENTITY[sdk=iphoneos*]" = "iPhone Developer: christian MCMURRAY (4MPM33GWM5)";
				COPY_PHASE_STRIP = NO;
				DEBUG_INFORMATION_FORMAT = "dwarf-with-dsym";
				ENABLE_STRICT_OBJC_MSGSEND = YES;
				GCC_C_LANGUAGE_STANDARD = gnu99;
				GCC_DYNAMIC_NO_PIC = NO;
				GCC_NO_COMMON_BLOCKS = YES;
				GCC_OPTIMIZATION_LEVEL = 0;
				GCC_PREPROCESSOR_DEFINITIONS = (
					"DEBUG=1",
					"$(inherited)",
				);
				GCC_SYMBOLS_PRIVATE_EXTERN = NO;
				GCC_WARN_64_TO_32_BIT_CONVERSION = YES;
				GCC_WARN_ABOUT_RETURN_TYPE = YES_ERROR;
				GCC_WARN_UNDECLARED_SELECTOR = YES;
				GCC_WARN_UNINITIALIZED_AUTOS = YES_AGGRESSIVE;
				GCC_WARN_UNUSED_FUNCTION = YES;
				GCC_WARN_UNUSED_VARIABLE = YES;
				IPHONEOS_DEPLOYMENT_TARGET = 8.3;
				MTL_ENABLE_DEBUG_INFO = YES;
				ONLY_ACTIVE_ARCH = YES;
				PROVISIONING_PROFILE = "1b5ae77a-042c-4e71-89af-ddddca5bb9ed";
				SDKROOT = iphoneos;
				TARGETED_DEVICE_FAMILY = "1,2";
			};
			name = Debug;
		};
		ECDDD0CD1BF584E500E17EDF /* Release */ = {
			isa = XCBuildConfiguration;
			buildSettings = {
				ALWAYS_SEARCH_USER_PATHS = NO;
				CLANG_CXX_LANGUAGE_STANDARD = "gnu++0x";
				CLANG_CXX_LIBRARY = "libc++";
				CLANG_ENABLE_MODULES = YES;
				CLANG_ENABLE_OBJC_ARC = YES;
				CLANG_WARN_BOOL_CONVERSION = YES;
				CLANG_WARN_CONSTANT_CONVERSION = YES;
				CLANG_WARN_DIRECT_OBJC_ISA_USAGE = YES_ERROR;
				CLANG_WARN_EMPTY_BODY = YES;
				CLANG_WARN_ENUM_CONVERSION = YES;
				CLANG_WARN_INT_CONVERSION = YES;
				CLANG_WARN_OBJC_ROOT_CLASS = YES_ERROR;
				CLANG_WARN_UNREACHABLE_CODE = YES;
				CLANG_WARN__DUPLICATE_METHOD_MATCH = YES;
				CODE_SIGN_IDENTITY = "iPhone Developer: christian MCMURRAY (4MPM33GWM5)";
				"CODE_SIGN_IDENTITY[sdk=iphoneos*]" = "iPhone Developer: christian MCMURRAY (4MPM33GWM5)";
				COPY_PHASE_STRIP = NO;
				DEBUG_INFORMATION_FORMAT = "dwarf-with-dsym";
				ENABLE_NS_ASSERTIONS = NO;
				ENABLE_STRICT_OBJC_MSGSEND = YES;
				GCC_C_LANGUAGE_STANDARD = gnu99;
				GCC_NO_COMMON_BLOCKS = YES;
				GCC_WARN_64_TO_32_BIT_CONVERSION = YES;
				GCC_WARN_ABOUT_RETURN_TYPE = YES_ERROR;
				GCC_WARN_UNDECLARED_SELECTOR = YES;
				GCC_WARN_UNINITIALIZED_AUTOS = YES_AGGRESSIVE;
				GCC_WARN_UNUSED_FUNCTION = YES;
				GCC_WARN_UNUSED_VARIABLE = YES;
				IPHONEOS_DEPLOYMENT_TARGET = 8.3;
				MTL_ENABLE_DEBUG_INFO = NO;
				PROVISIONING_PROFILE = "1b5ae77a-042c-4e71-89af-ddddca5bb9ed";
				SDKROOT = iphoneos;
				TARGETED_DEVICE_FAMILY = "1,2";
				VALIDATE_PRODUCT = YES;
			};
			name = Release;
		};
		ECDDD0CF1BF584E500E17EDF /* Debug */ = {
			isa = XCBuildConfiguration;
			baseConfigurationReference = 710B0055535D6F8DE2FA741D /* Pods-Employer.debug.xcconfig */;
			buildSettings = {
				ASSETCATALOG_COMPILER_APPICON_NAME = AppIcon;
				CODE_SIGN_IDENTITY = "iPhone Developer: christian MCMURRAY (4MPM33GWM5)";
				INFOPLIST_FILE = Employer/Info.plist;
				LD_RUNPATH_SEARCH_PATHS = "$(inherited) @executable_path/Frameworks";
				PRODUCT_NAME = "$(TARGET_NAME)";
				PROVISIONING_PROFILE = "1b5ae77a-042c-4e71-89af-ddddca5bb9ed";
			};
			name = Debug;
		};
		ECDDD0D01BF584E500E17EDF /* Release */ = {
			isa = XCBuildConfiguration;
			baseConfigurationReference = 2997A3BB9BEA3E652A647F1F /* Pods-Employer.release.xcconfig */;
			buildSettings = {
				ASSETCATALOG_COMPILER_APPICON_NAME = AppIcon;
				CODE_SIGN_IDENTITY = "iPhone Developer: christian MCMURRAY (4MPM33GWM5)";
				INFOPLIST_FILE = Employer/Info.plist;
				LD_RUNPATH_SEARCH_PATHS = "$(inherited) @executable_path/Frameworks";
				PRODUCT_NAME = "$(TARGET_NAME)";
				PROVISIONING_PROFILE = "1b5ae77a-042c-4e71-89af-ddddca5bb9ed";
			};
			name = Release;
		};
		ECDDD0D21BF584E500E17EDF /* Debug */ = {
			isa = XCBuildConfiguration;
			buildSettings = {
				BUNDLE_LOADER = "$(TEST_HOST)";
				FRAMEWORK_SEARCH_PATHS = (
					"$(SDKROOT)/Developer/Library/Frameworks",
					"$(inherited)",
				);
				GCC_PREPROCESSOR_DEFINITIONS = (
					"DEBUG=1",
					"$(inherited)",
				);
				INFOPLIST_FILE = EmployerTests/Info.plist;
				LD_RUNPATH_SEARCH_PATHS = "$(inherited) @executable_path/Frameworks @loader_path/Frameworks";
				PRODUCT_NAME = "$(TARGET_NAME)";
				TEST_HOST = "$(BUILT_PRODUCTS_DIR)/Employer.app/Employer";
			};
			name = Debug;
		};
		ECDDD0D31BF584E500E17EDF /* Release */ = {
			isa = XCBuildConfiguration;
			buildSettings = {
				BUNDLE_LOADER = "$(TEST_HOST)";
				FRAMEWORK_SEARCH_PATHS = (
					"$(SDKROOT)/Developer/Library/Frameworks",
					"$(inherited)",
				);
				INFOPLIST_FILE = EmployerTests/Info.plist;
				LD_RUNPATH_SEARCH_PATHS = "$(inherited) @executable_path/Frameworks @loader_path/Frameworks";
				PRODUCT_NAME = "$(TARGET_NAME)";
				TEST_HOST = "$(BUILT_PRODUCTS_DIR)/Employer.app/Employer";
			};
			name = Release;
		};
/* End XCBuildConfiguration section */

/* Begin XCConfigurationList section */
		ECDDD0A61BF584E400E17EDF /* Build configuration list for PBXProject "Employer" */ = {
			isa = XCConfigurationList;
			buildConfigurations = (
				ECDDD0CC1BF584E500E17EDF /* Debug */,
				ECDDD0CD1BF584E500E17EDF /* Release */,
			);
			defaultConfigurationIsVisible = 0;
			defaultConfigurationName = Release;
		};
		ECDDD0CE1BF584E500E17EDF /* Build configuration list for PBXNativeTarget "Employer" */ = {
			isa = XCConfigurationList;
			buildConfigurations = (
				ECDDD0CF1BF584E500E17EDF /* Debug */,
				ECDDD0D01BF584E500E17EDF /* Release */,
			);
			defaultConfigurationIsVisible = 0;
			defaultConfigurationName = Release;
		};
		ECDDD0D11BF584E500E17EDF /* Build configuration list for PBXNativeTarget "EmployerTests" */ = {
			isa = XCConfigurationList;
			buildConfigurations = (
				ECDDD0D21BF584E500E17EDF /* Debug */,
				ECDDD0D31BF584E500E17EDF /* Release */,
			);
			defaultConfigurationIsVisible = 0;
			defaultConfigurationName = Release;
		};
/* End XCConfigurationList section */
	};
	rootObject = ECDDD0A31BF584E400E17EDF /* Project object */;
}
